
Microsoft Visual Studio Solution File, Format Version 12.00
Project("{FAE04EC0-301F-11D3-BF4B-00C04F79EFBC}") = "Day1", "Day1\Day1.csproj", "{A8DBFCCB-56F3-433B-9895-763C9F18A9DC}"
EndProject
Project("{FAE04EC0-301F-11D3-BF4B-00C04F79EFBC}") = "Day2", "Day2\Day2.csproj", "{F663A100-242A-42F5-83E2-AD20BC4373C7}"
EndProject
Project("{FAE04EC0-301F-11D3-BF4B-00C04F79EFBC}") = "InputParser", "InputParser\InputParser.csproj", "{150BB654-5701-4A98-9232-CE4BAE01E430}"
EndProject
Project("{FAE04EC0-301F-11D3-BF4B-00C04F79EFBC}") = "Day3", "Day3\Day3.csproj", "{3C9626F8-FA2E-417D-B2B1-82B0C662DB1D}"
EndProject
Project("{FAE04EC0-301F-11D3-BF4B-00C04F79EFBC}") = "Day4", "Day4\Day4.csproj", "{8C5C695D-6117-41D3-9699-76D7CFD19A26}"
EndProject
Project("{FAE04EC0-301F-11D3-BF4B-00C04F79EFBC}") = "Day5", "Day5\Day5.csproj", "{EBD70DAD-265B-4D9D-B55C-E209BF92A9D7}"
EndProject
Project("{FAE04EC0-301F-11D3-BF4B-00C04F79EFBC}") = "Day6", "Day6\Day6.csproj", "{506BBCCA-96FE-479F-976B-947029D20BB4}"
EndProject
Project("{FAE04EC0-301F-11D3-BF4B-00C04F79EFBC}") = "Day7", "Day7\Day7.csproj", "{8C82776A-719F-4588-B712-21C781543F31}"
EndProject
Project("{FAE04EC0-301F-11D3-BF4B-00C04F79EFBC}") = "Day8", "Day8\Day8.csproj", "{849428D0-6A17-4591-B884-DCDC837EBC09}"
EndProject
Project("{FAE04EC0-301F-11D3-BF4B-00C04F79EFBC}") = "Playground", "Playground\Playground.csproj", "{077B4BF8-D0A9-4C66-943E-C71C75A8BCB8}"
EndProject
Project("{FAE04EC0-301F-11D3-BF4B-00C04F79EFBC}") = "Day9", "Day9\Day9.csproj", "{31EFB42C-E6E5-429B-A5FB-8C63F5799121}"
EndProject
Project("{FAE04EC0-301F-11D3-BF4B-00C04F79EFBC}") = "Day11", "Day11\Day11.csproj", "{07669FE6-C13F-401D-B266-C6D6EA17E561}"
EndProject
Project("{FAE04EC0-301F-11D3-BF4B-00C04F79EFBC}") = "Day13", "Day13\Day13.csproj", "{6AC1060E-A9DB-42FD-9758-093E2ED6C340}"
EndProject
Project("{FAE04EC0-301F-11D3-BF4B-00C04F79EFBC}") = "Day10", "Day10\Day10.csproj", "{BF5D06B9-177E-4A95-A996-15BC69D19407}"
EndProject
Project("{FAE04EC0-301F-11D3-BF4B-00C04F79EFBC}") = "Day14", "Day14\Day14.csproj", "{0FA7AB1F-13C8-499F-8140-0207C8EC8B15}"
EndProject
Project("{FAE04EC0-301F-11D3-BF4B-00C04F79EFBC}") = "Day17", "Day17\Day17.csproj", "{A5EC2DA8-3A0C-43B6-B1FA-E49978E877BE}"
EndProject
Project("{FAE04EC0-301F-11D3-BF4B-00C04F79EFBC}") = "Day18", "Day18\Day18.csproj", "{123FEA08-9D7E-4166-918F-7E12E7B6C8D6}"
EndProject
Project("{FAE04EC0-301F-11D3-BF4B-00C04F79EFBC}") = "Day12", "Day12\Day12.csproj", "{7337A2B7-9C4F-4D93-A639-78B5556BB1AD}"
EndProject
Project("{FAE04EC0-301F-11D3-BF4B-00C04F79EFBC}") = "Day19", "Day19\Day19.csproj", "{26EC9653-1201-4A72-902A-85D727E28549}"
EndProject
Global
	GlobalSection(SolutionConfigurationPlatforms) = preSolution
		Debug|Any CPU = Debug|Any CPU
		Release|Any CPU = Release|Any CPU
	EndGlobalSection
	GlobalSection(ProjectConfigurationPlatforms) = postSolution
		{A8DBFCCB-56F3-433B-9895-763C9F18A9DC}.Debug|Any CPU.ActiveCfg = Debug|Any CPU
		{A8DBFCCB-56F3-433B-9895-763C9F18A9DC}.Debug|Any CPU.Build.0 = Debug|Any CPU
		{A8DBFCCB-56F3-433B-9895-763C9F18A9DC}.Release|Any CPU.ActiveCfg = Release|Any CPU
		{A8DBFCCB-56F3-433B-9895-763C9F18A9DC}.Release|Any CPU.Build.0 = Release|Any CPU
		{F663A100-242A-42F5-83E2-AD20BC4373C7}.Debug|Any CPU.ActiveCfg = Debug|Any CPU
		{F663A100-242A-42F5-83E2-AD20BC4373C7}.Debug|Any CPU.Build.0 = Debug|Any CPU
		{F663A100-242A-42F5-83E2-AD20BC4373C7}.Release|Any CPU.ActiveCfg = Release|Any CPU
		{F663A100-242A-42F5-83E2-AD20BC4373C7}.Release|Any CPU.Build.0 = Release|Any CPU
		{150BB654-5701-4A98-9232-CE4BAE01E430}.Debug|Any CPU.ActiveCfg = Debug|Any CPU
		{150BB654-5701-4A98-9232-CE4BAE01E430}.Debug|Any CPU.Build.0 = Debug|Any CPU
		{150BB654-5701-4A98-9232-CE4BAE01E430}.Release|Any CPU.ActiveCfg = Release|Any CPU
		{150BB654-5701-4A98-9232-CE4BAE01E430}.Release|Any CPU.Build.0 = Release|Any CPU
		{3C9626F8-FA2E-417D-B2B1-82B0C662DB1D}.Debug|Any CPU.ActiveCfg = Debug|Any CPU
		{3C9626F8-FA2E-417D-B2B1-82B0C662DB1D}.Debug|Any CPU.Build.0 = Debug|Any CPU
		{3C9626F8-FA2E-417D-B2B1-82B0C662DB1D}.Release|Any CPU.ActiveCfg = Release|Any CPU
		{3C9626F8-FA2E-417D-B2B1-82B0C662DB1D}.Release|Any CPU.Build.0 = Release|Any CPU
		{8C5C695D-6117-41D3-9699-76D7CFD19A26}.Debug|Any CPU.ActiveCfg = Debug|Any CPU
		{8C5C695D-6117-41D3-9699-76D7CFD19A26}.Debug|Any CPU.Build.0 = Debug|Any CPU
		{8C5C695D-6117-41D3-9699-76D7CFD19A26}.Release|Any CPU.ActiveCfg = Release|Any CPU
		{8C5C695D-6117-41D3-9699-76D7CFD19A26}.Release|Any CPU.Build.0 = Release|Any CPU
		{EBD70DAD-265B-4D9D-B55C-E209BF92A9D7}.Debug|Any CPU.ActiveCfg = Debug|Any CPU
		{EBD70DAD-265B-4D9D-B55C-E209BF92A9D7}.Debug|Any CPU.Build.0 = Debug|Any CPU
		{EBD70DAD-265B-4D9D-B55C-E209BF92A9D7}.Release|Any CPU.ActiveCfg = Release|Any CPU
		{EBD70DAD-265B-4D9D-B55C-E209BF92A9D7}.Release|Any CPU.Build.0 = Release|Any CPU
		{506BBCCA-96FE-479F-976B-947029D20BB4}.Debug|Any CPU.ActiveCfg = Debug|Any CPU
		{506BBCCA-96FE-479F-976B-947029D20BB4}.Debug|Any CPU.Build.0 = Debug|Any CPU
		{506BBCCA-96FE-479F-976B-947029D20BB4}.Release|Any CPU.ActiveCfg = Release|Any CPU
		{506BBCCA-96FE-479F-976B-947029D20BB4}.Release|Any CPU.Build.0 = Release|Any CPU
		{8C82776A-719F-4588-B712-21C781543F31}.Debug|Any CPU.ActiveCfg = Debug|Any CPU
		{8C82776A-719F-4588-B712-21C781543F31}.Debug|Any CPU.Build.0 = Debug|Any CPU
		{8C82776A-719F-4588-B712-21C781543F31}.Release|Any CPU.ActiveCfg = Release|Any CPU
		{8C82776A-719F-4588-B712-21C781543F31}.Release|Any CPU.Build.0 = Release|Any CPU
		{849428D0-6A17-4591-B884-DCDC837EBC09}.Debug|Any CPU.ActiveCfg = Debug|Any CPU
		{849428D0-6A17-4591-B884-DCDC837EBC09}.Debug|Any CPU.Build.0 = Debug|Any CPU
		{849428D0-6A17-4591-B884-DCDC837EBC09}.Release|Any CPU.ActiveCfg = Release|Any CPU
		{849428D0-6A17-4591-B884-DCDC837EBC09}.Release|Any CPU.Build.0 = Release|Any CPU
		{077B4BF8-D0A9-4C66-943E-C71C75A8BCB8}.Debug|Any CPU.ActiveCfg = Debug|Any CPU
		{077B4BF8-D0A9-4C66-943E-C71C75A8BCB8}.Debug|Any CPU.Build.0 = Debug|Any CPU
		{077B4BF8-D0A9-4C66-943E-C71C75A8BCB8}.Release|Any CPU.ActiveCfg = Release|Any CPU
		{077B4BF8-D0A9-4C66-943E-C71C75A8BCB8}.Release|Any CPU.Build.0 = Release|Any CPU
		{31EFB42C-E6E5-429B-A5FB-8C63F5799121}.Debug|Any CPU.ActiveCfg = Debug|Any CPU
		{31EFB42C-E6E5-429B-A5FB-8C63F5799121}.Debug|Any CPU.Build.0 = Debug|Any CPU
		{31EFB42C-E6E5-429B-A5FB-8C63F5799121}.Release|Any CPU.ActiveCfg = Release|Any CPU
		{31EFB42C-E6E5-429B-A5FB-8C63F5799121}.Release|Any CPU.Build.0 = Release|Any CPU
		{07669FE6-C13F-401D-B266-C6D6EA17E561}.Debug|Any CPU.ActiveCfg = Debug|Any CPU
		{07669FE6-C13F-401D-B266-C6D6EA17E561}.Debug|Any CPU.Build.0 = Debug|Any CPU
		{07669FE6-C13F-401D-B266-C6D6EA17E561}.Release|Any CPU.ActiveCfg = Release|Any CPU
		{07669FE6-C13F-401D-B266-C6D6EA17E561}.Release|Any CPU.Build.0 = Release|Any CPU
		{6AC1060E-A9DB-42FD-9758-093E2ED6C340}.Debug|Any CPU.ActiveCfg = Debug|Any CPU
		{6AC1060E-A9DB-42FD-9758-093E2ED6C340}.Debug|Any CPU.Build.0 = Debug|Any CPU
		{6AC1060E-A9DB-42FD-9758-093E2ED6C340}.Release|Any CPU.ActiveCfg = Release|Any CPU
		{6AC1060E-A9DB-42FD-9758-093E2ED6C340}.Release|Any CPU.Build.0 = Release|Any CPU
		{BF5D06B9-177E-4A95-A996-15BC69D19407}.Debug|Any CPU.ActiveCfg = Debug|Any CPU
		{BF5D06B9-177E-4A95-A996-15BC69D19407}.Debug|Any CPU.Build.0 = Debug|Any CPU
		{BF5D06B9-177E-4A95-A996-15BC69D19407}.Release|Any CPU.ActiveCfg = Release|Any CPU
		{BF5D06B9-177E-4A95-A996-15BC69D19407}.Release|Any CPU.Build.0 = Release|Any CPU
		{0FA7AB1F-13C8-499F-8140-0207C8EC8B15}.Debug|Any CPU.ActiveCfg = Debug|Any CPU
		{0FA7AB1F-13C8-499F-8140-0207C8EC8B15}.Debug|Any CPU.Build.0 = Debug|Any CPU
		{0FA7AB1F-13C8-499F-8140-0207C8EC8B15}.Release|Any CPU.ActiveCfg = Release|Any CPU
		{0FA7AB1F-13C8-499F-8140-0207C8EC8B15}.Release|Any CPU.Build.0 = Release|Any CPU
		{A5EC2DA8-3A0C-43B6-B1FA-E49978E877BE}.Debug|Any CPU.ActiveCfg = Debug|Any CPU
		{A5EC2DA8-3A0C-43B6-B1FA-E49978E877BE}.Debug|Any CPU.Build.0 = Debug|Any CPU
		{A5EC2DA8-3A0C-43B6-B1FA-E49978E877BE}.Release|Any CPU.ActiveCfg = Release|Any CPU
		{A5EC2DA8-3A0C-43B6-B1FA-E49978E877BE}.Release|Any CPU.Build.0 = Release|Any CPU
		{123FEA08-9D7E-4166-918F-7E12E7B6C8D6}.Debug|Any CPU.ActiveCfg = Debug|Any CPU
		{123FEA08-9D7E-4166-918F-7E12E7B6C8D6}.Debug|Any CPU.Build.0 = Debug|Any CPU
		{123FEA08-9D7E-4166-918F-7E12E7B6C8D6}.Release|Any CPU.ActiveCfg = Release|Any CPU
		{123FEA08-9D7E-4166-918F-7E12E7B6C8D6}.Release|Any CPU.Build.0 = Release|Any CPU
		{7337A2B7-9C4F-4D93-A639-78B5556BB1AD}.Debug|Any CPU.ActiveCfg = Debug|Any CPU
		{7337A2B7-9C4F-4D93-A639-78B5556BB1AD}.Debug|Any CPU.Build.0 = Debug|Any CPU
		{7337A2B7-9C4F-4D93-A639-78B5556BB1AD}.Release|Any CPU.ActiveCfg = Release|Any CPU
		{7337A2B7-9C4F-4D93-A639-78B5556BB1AD}.Release|Any CPU.Build.0 = Release|Any CPU
		{26EC9653-1201-4A72-902A-85D727E28549}.Debug|Any CPU.ActiveCfg = Debug|Any CPU
		{26EC9653-1201-4A72-902A-85D727E28549}.Debug|Any CPU.Build.0 = Debug|Any CPU
		{26EC9653-1201-4A72-902A-85D727E28549}.Release|Any CPU.ActiveCfg = Release|Any CPU
		{26EC9653-1201-4A72-902A-85D727E28549}.Release|Any CPU.Build.0 = Release|Any CPU
	EndGlobalSection
EndGlobal
