
Microsoft Visual Studio Solution File, Format Version 12.00
Project("{FAE04EC0-301F-11D3-BF4B-00C04F79EFBC}") = "Day1", "Day1\Day1.csproj", "{A8DBFCCB-56F3-433B-9895-763C9F18A9DC}"
EndProject
Project("{FAE04EC0-301F-11D3-BF4B-00C04F79EFBC}") = "Day2", "Day2\Day2.csproj", "{F663A100-242A-42F5-83E2-AD20BC4373C7}"
EndProject
Project("{FAE04EC0-301F-11D3-BF4B-00C04F79EFBC}") = "InputParser", "InputParser\InputParser.csproj", "{150BB654-5701-4A98-9232-CE4BAE01E430}"
EndProject
Project("{FAE04EC0-301F-11D3-BF4B-00C04F79EFBC}") = "Day3", "Day3\Day3.csproj", "{3C9626F8-FA2E-417D-B2B1-82B0C662DB1D}"
EndProject
Project("{FAE04EC0-301F-11D3-BF4B-00C04F79EFBC}") = "Day4", "Day4\Day4.csproj", "{8C5C695D-6117-41D3-9699-76D7CFD19A26}"
EndProject
Project("{FAE04EC0-301F-11D3-BF4B-00C04F79EFBC}") = "Day5", "Day5\Day5.csproj", "{EBD70DAD-265B-4D9D-B55C-E209BF92A9D7}"
EndProject
Global
	GlobalSection(SolutionConfigurationPlatforms) = preSolution
		Debug|Any CPU = Debug|Any CPU
		Release|Any CPU = Release|Any CPU
	EndGlobalSection
	GlobalSection(ProjectConfigurationPlatforms) = postSolution
		{A8DBFCCB-56F3-433B-9895-763C9F18A9DC}.Debug|Any CPU.ActiveCfg = Debug|Any CPU
		{A8DBFCCB-56F3-433B-9895-763C9F18A9DC}.Debug|Any CPU.Build.0 = Debug|Any CPU
		{A8DBFCCB-56F3-433B-9895-763C9F18A9DC}.Release|Any CPU.ActiveCfg = Release|Any CPU
		{A8DBFCCB-56F3-433B-9895-763C9F18A9DC}.Release|Any CPU.Build.0 = Release|Any CPU
		{F663A100-242A-42F5-83E2-AD20BC4373C7}.Debug|Any CPU.ActiveCfg = Debug|Any CPU
		{F663A100-242A-42F5-83E2-AD20BC4373C7}.Debug|Any CPU.Build.0 = Debug|Any CPU
		{F663A100-242A-42F5-83E2-AD20BC4373C7}.Release|Any CPU.ActiveCfg = Release|Any CPU
		{F663A100-242A-42F5-83E2-AD20BC4373C7}.Release|Any CPU.Build.0 = Release|Any CPU
		{150BB654-5701-4A98-9232-CE4BAE01E430}.Debug|Any CPU.ActiveCfg = Debug|Any CPU
		{150BB654-5701-4A98-9232-CE4BAE01E430}.Debug|Any CPU.Build.0 = Debug|Any CPU
		{150BB654-5701-4A98-9232-CE4BAE01E430}.Release|Any CPU.ActiveCfg = Release|Any CPU
		{150BB654-5701-4A98-9232-CE4BAE01E430}.Release|Any CPU.Build.0 = Release|Any CPU
		{3C9626F8-FA2E-417D-B2B1-82B0C662DB1D}.Debug|Any CPU.ActiveCfg = Debug|Any CPU
		{3C9626F8-FA2E-417D-B2B1-82B0C662DB1D}.Debug|Any CPU.Build.0 = Debug|Any CPU
		{3C9626F8-FA2E-417D-B2B1-82B0C662DB1D}.Release|Any CPU.ActiveCfg = Release|Any CPU
		{3C9626F8-FA2E-417D-B2B1-82B0C662DB1D}.Release|Any CPU.Build.0 = Release|Any CPU
		{8C5C695D-6117-41D3-9699-76D7CFD19A26}.Debug|Any CPU.ActiveCfg = Debug|Any CPU
		{8C5C695D-6117-41D3-9699-76D7CFD19A26}.Debug|Any CPU.Build.0 = Debug|Any CPU
		{8C5C695D-6117-41D3-9699-76D7CFD19A26}.Release|Any CPU.ActiveCfg = Release|Any CPU
		{8C5C695D-6117-41D3-9699-76D7CFD19A26}.Release|Any CPU.Build.0 = Release|Any CPU
		{EBD70DAD-265B-4D9D-B55C-E209BF92A9D7}.Debug|Any CPU.ActiveCfg = Debug|Any CPU
		{EBD70DAD-265B-4D9D-B55C-E209BF92A9D7}.Debug|Any CPU.Build.0 = Debug|Any CPU
		{EBD70DAD-265B-4D9D-B55C-E209BF92A9D7}.Release|Any CPU.ActiveCfg = Release|Any CPU
		{EBD70DAD-265B-4D9D-B55C-E209BF92A9D7}.Release|Any CPU.Build.0 = Release|Any CPU
	EndGlobalSection
EndGlobal
